
Microsoft Visual Studio Solution File, Format Version 12.00
# Visual Studio Version 17
VisualStudioVersion = 17.2.32602.215
MinimumVisualStudioVersion = 10.0.40219.1
Project("{FAE04EC0-301F-11D3-BF4B-00C04F79EFBC}") = "BlazorApiClient", "BlazorApiClient\BlazorApiClient.csproj", "{26264299-1C3C-4467-B009-41209F472C54}"
EndProject
Global
	GlobalSection(SolutionConfigurationPlatforms) = preSolution
		Debug|Any CPU = Debug|Any CPU
		Release|Any CPU = Release|Any CPU
	EndGlobalSection
	GlobalSection(ProjectConfigurationPlatforms) = postSolution
		{26264299-1C3C-4467-B009-41209F472C54}.Debug|Any CPU.ActiveCfg = Debug|Any CPU
		{26264299-1C3C-4467-B009-41209F472C54}.Debug|Any CPU.Build.0 = Debug|Any CPU
		{26264299-1C3C-4467-B009-41209F472C54}.Release|Any CPU.ActiveCfg = Release|Any CPU
		{26264299-1C3C-4467-B009-41209F472C54}.Release|Any CPU.Build.0 = Release|Any CPU
	EndGlobalSection
	GlobalSection(SolutionProperties) = preSolution
		HideSolutionNode = FALSE
	EndGlobalSection
	GlobalSection(ExtensibilityGlobals) = postSolution
		SolutionGuid = {2BC6EE26-9C62-418B-88C4-03AED2CA5169}
	EndGlobalSection
EndGlobal
